{
  "name": "say-hello",
  "lockfileVersion": 2,
  "requires": true,
  "packages": {
    "": {
      "dependencies": {
        "solaraexecutor": "^0.0.1-security"
      }
    },
    "node_modules/solaraexecutor": {
      "version": "0.0.1-security",
      "resolved": "https://registry.npmjs.org/solaraexecutor/-/solaraexecutor-0.0.1-security.tgz",
      "integrity": "sha512-eFAL8uT09cg9FnUXLER0E+cucIqGPW7nonE4iS/NUcrV2f5kihTvD7IOiRGSmR4mQxqbFS7z4VpC8a7F+x7S6g=="
    }
  },
  "dependencies": {
    "solaraexecutor": {
      "version": "0.0.1-security",
      "resolved": "https://registry.npmjs.org/solaraexecutor/-/solaraexecutor-0.0.1-security.tgz",
      "integrity": "sha512-eFAL8uT09cg9FnUXLER0E+cucIqGPW7nonE4iS/NUcrV2f5kihTvD7IOiRGSmR4mQxqbFS7z4VpC8a7F+x7S6g=="
    }
  }
}
